
Microsoft Visual Studio Solution File, Format Version 12.00
# Visual Studio Version 16
VisualStudioVersion = 16.0.29728.190
MinimumVisualStudioVersion = 10.0.40219.1
Project("{FAE04EC0-301F-11D3-BF4B-00C04F79EFBC}") = "Adventure2020", "Adventure2020\Adventure2020.csproj", "{DDAE3811-144F-40CD-B10C-61B3A79CF412}"
EndProject
Global
	GlobalSection(SolutionConfigurationPlatforms) = preSolution
		Debug|Any CPU = Debug|Any CPU
		Release|Any CPU = Release|Any CPU
	EndGlobalSection
	GlobalSection(ProjectConfigurationPlatforms) = postSolution
		{DDAE3811-144F-40CD-B10C-61B3A79CF412}.Debug|Any CPU.ActiveCfg = Debug|Any CPU
		{DDAE3811-144F-40CD-B10C-61B3A79CF412}.Debug|Any CPU.Build.0 = Debug|Any CPU
		{DDAE3811-144F-40CD-B10C-61B3A79CF412}.Release|Any CPU.ActiveCfg = Release|Any CPU
		{DDAE3811-144F-40CD-B10C-61B3A79CF412}.Release|Any CPU.Build.0 = Release|Any CPU
	EndGlobalSection
	GlobalSection(SolutionProperties) = preSolution
		HideSolutionNode = FALSE
	EndGlobalSection
	GlobalSection(ExtensibilityGlobals) = postSolution
		SolutionGuid = {22FD1813-47D5-4555-A8C4-7FE9C75520E7}
	EndGlobalSection
EndGlobal
